
Microsoft Visual Studio Solution File, Format Version 12.00
# Visual Studio Version 16
VisualStudioVersion = 16.0.33529.622
MinimumVisualStudioVersion = 10.0.40219.1
Project("{FAE04EC0-301F-11D3-BF4B-00C04F79EFBC}") = "Пркатика 18_1_2", "Пркатика 18_1_2\Пркатика 18_1_2.csproj", "{1F87AC66-1C2D-4E12-917C-A7ABCDADA108}"
EndProject
Global
	GlobalSection(SolutionConfigurationPlatforms) = preSolution
		Debug|Any CPU = Debug|Any CPU
		Release|Any CPU = Release|Any CPU
	EndGlobalSection
	GlobalSection(ProjectConfigurationPlatforms) = postSolution
		{1F87AC66-1C2D-4E12-917C-A7ABCDADA108}.Debug|Any CPU.ActiveCfg = Debug|Any CPU
		{1F87AC66-1C2D-4E12-917C-A7ABCDADA108}.Debug|Any CPU.Build.0 = Debug|Any CPU
		{1F87AC66-1C2D-4E12-917C-A7ABCDADA108}.Release|Any CPU.ActiveCfg = Release|Any CPU
		{1F87AC66-1C2D-4E12-917C-A7ABCDADA108}.Release|Any CPU.Build.0 = Release|Any CPU
	EndGlobalSection
	GlobalSection(SolutionProperties) = preSolution
		HideSolutionNode = FALSE
	EndGlobalSection
	GlobalSection(ExtensibilityGlobals) = postSolution
		SolutionGuid = {8DDDFBA0-E187-4C19-BE1E-64C11CADEE30}
	EndGlobalSection
EndGlobal
